
Microsoft Visual Studio Solution File, Format Version 12.00
# Visual Studio Version 17
VisualStudioVersion = 17.0.31903.59
MinimumVisualStudioVersion = 10.0.40219.1
Project("{FAE04EC0-301F-11D3-BF4B-00C04F79EFBC}") = "AuthorizationApi", "AuthorizationApi\AuthorizationApi.csproj", "{730CB206-3B40-42A9-8B56-FAABEA6389EA}"
EndProject
Project("{FAE04EC0-301F-11D3-BF4B-00C04F79EFBC}") = "AuthorizationApi.Test", "AuthorizationApi.Test\AuthorizationApi.Test.csproj", "{2E2609A1-F78E-417B-A46C-E879B1058B1C}"
EndProject
Global
	GlobalSection(SolutionConfigurationPlatforms) = preSolution
		Debug|Any CPU = Debug|Any CPU
		Debug|x64 = Debug|x64
		Debug|x86 = Debug|x86
		Release|Any CPU = Release|Any CPU
		Release|x64 = Release|x64
		Release|x86 = Release|x86
	EndGlobalSection
	GlobalSection(ProjectConfigurationPlatforms) = postSolution
		{730CB206-3B40-42A9-8B56-FAABEA6389EA}.Debug|Any CPU.ActiveCfg = Debug|Any CPU
		{730CB206-3B40-42A9-8B56-FAABEA6389EA}.Debug|Any CPU.Build.0 = Debug|Any CPU
		{730CB206-3B40-42A9-8B56-FAABEA6389EA}.Debug|x64.ActiveCfg = Debug|Any CPU
		{730CB206-3B40-42A9-8B56-FAABEA6389EA}.Debug|x64.Build.0 = Debug|Any CPU
		{730CB206-3B40-42A9-8B56-FAABEA6389EA}.Debug|x86.ActiveCfg = Debug|Any CPU
		{730CB206-3B40-42A9-8B56-FAABEA6389EA}.Debug|x86.Build.0 = Debug|Any CPU
		{730CB206-3B40-42A9-8B56-FAABEA6389EA}.Release|Any CPU.ActiveCfg = Release|Any CPU
		{730CB206-3B40-42A9-8B56-FAABEA6389EA}.Release|Any CPU.Build.0 = Release|Any CPU
		{730CB206-3B40-42A9-8B56-FAABEA6389EA}.Release|x64.ActiveCfg = Release|Any CPU
		{730CB206-3B40-42A9-8B56-FAABEA6389EA}.Release|x64.Build.0 = Release|Any CPU
		{730CB206-3B40-42A9-8B56-FAABEA6389EA}.Release|x86.ActiveCfg = Release|Any CPU
		{730CB206-3B40-42A9-8B56-FAABEA6389EA}.Release|x86.Build.0 = Release|Any CPU
		{2E2609A1-F78E-417B-A46C-E879B1058B1C}.Debug|Any CPU.ActiveCfg = Debug|Any CPU
		{2E2609A1-F78E-417B-A46C-E879B1058B1C}.Debug|Any CPU.Build.0 = Debug|Any CPU
		{2E2609A1-F78E-417B-A46C-E879B1058B1C}.Debug|x64.ActiveCfg = Debug|Any CPU
		{2E2609A1-F78E-417B-A46C-E879B1058B1C}.Debug|x64.Build.0 = Debug|Any CPU
		{2E2609A1-F78E-417B-A46C-E879B1058B1C}.Debug|x86.ActiveCfg = Debug|Any CPU
		{2E2609A1-F78E-417B-A46C-E879B1058B1C}.Debug|x86.Build.0 = Debug|Any CPU
		{2E2609A1-F78E-417B-A46C-E879B1058B1C}.Release|Any CPU.ActiveCfg = Release|Any CPU
		{2E2609A1-F78E-417B-A46C-E879B1058B1C}.Release|Any CPU.Build.0 = Release|Any CPU
		{2E2609A1-F78E-417B-A46C-E879B1058B1C}.Release|x64.ActiveCfg = Release|Any CPU
		{2E2609A1-F78E-417B-A46C-E879B1058B1C}.Release|x64.Build.0 = Release|Any CPU
		{2E2609A1-F78E-417B-A46C-E879B1058B1C}.Release|x86.ActiveCfg = Release|Any CPU
		{2E2609A1-F78E-417B-A46C-E879B1058B1C}.Release|x86.Build.0 = Release|Any CPU
	EndGlobalSection
	GlobalSection(SolutionProperties) = preSolution
		HideSolutionNode = FALSE
	EndGlobalSection
EndGlobal
